{
  "name": "zt-adapter-hello-world",
  "version": "0.1.0",
  "lockfileVersion": 3,
  "requires": true,
  "packages": {
    "": {
      "name": "zt-adapter-hello-world",
      "version": "0.1.0",
      "license": "Apache-2.0",
      "bin": {
        "zt-audit": "bin/zt-audit.js"
      },
      "engines": {
        "node": ">=20"
      }
    }
  }
}
